
Microsoft Visual Studio Solution File, Format Version 12.00
# Visual Studio Version 17
VisualStudioVersion = 17.1.32319.34
MinimumVisualStudioVersion = 10.0.40219.1
Project("{FAE04EC0-301F-11D3-BF4B-00C04F79EFBC}") = "ConsoleApp4", "ConsoleApp4.csproj", "{A65135D4-EA98-46DB-AE5A-4ABEE1CA95E6}"
EndProject
Global
	GlobalSection(SolutionConfigurationPlatforms) = preSolution
		Debug|Any CPU = Debug|Any CPU
		Release|Any CPU = Release|Any CPU
	EndGlobalSection
	GlobalSection(ProjectConfigurationPlatforms) = postSolution
		{A65135D4-EA98-46DB-AE5A-4ABEE1CA95E6}.Debug|Any CPU.ActiveCfg = Debug|Any CPU
		{A65135D4-EA98-46DB-AE5A-4ABEE1CA95E6}.Debug|Any CPU.Build.0 = Debug|Any CPU
		{A65135D4-EA98-46DB-AE5A-4ABEE1CA95E6}.Release|Any CPU.ActiveCfg = Release|Any CPU
		{A65135D4-EA98-46DB-AE5A-4ABEE1CA95E6}.Release|Any CPU.Build.0 = Release|Any CPU
	EndGlobalSection
	GlobalSection(SolutionProperties) = preSolution
		HideSolutionNode = FALSE
	EndGlobalSection
	GlobalSection(ExtensibilityGlobals) = postSolution
		SolutionGuid = {4E65855A-B3D8-453B-903C-D57AA0B47D87}
	EndGlobalSection
EndGlobal
